{
	"name": "leiai-api-gateway",
	"version": "1.0.0",
	"lockfileVersion": 3,
	"requires": true,
	"packages": {
		"": {
			"name": "leiai-api-gateway",
			"version": "1.0.0",
			"dependencies": {
				"socks": "^2.8.1",
				"zod": "^4.4.3"
			},
			"devDependencies": {
				"@ai-sdk/openai-compatible": "^2.0.51",
				"@cleverjs/cli": "^2.4.0",
				"@copilotkit/aimock": "^1.34.0",
				"@types/bun": "latest",
				"bun-types": "latest"
			},
			"peerDependencies": {
				"typescript": "^5"
			}
		},
		"node_modules/@ai-sdk/openai-compatible": {
			"version": "2.0.51",
			"resolved": "https://registry.npmjs.org/@ai-sdk/openai-compatible/-/openai-compatible-2.0.51.tgz",
			"integrity": "sha512-A6qfyaVs4lxmRxRux6U3ViOa8mMbsSd0OaHghpei2MpiBT6791J4zFH5MN7kaW1tLfQ246rSC2DVTMOavsycjQ==",
			"dev": true,
			"license": "Apache-2.0",
			"dependencies": {
				"@ai-sdk/provider": "3.0.10",
				"@ai-sdk/provider-utils": "4.0.30"
			},
			"engines": {
				"node": ">=18"
			},
			"peerDependencies": {
				"zod": "^3.25.76 || ^4.1.8"
			}
		},
		"node_modules/@ai-sdk/provider": {
			"version": "3.0.10",
			"resolved": "https://registry.npmjs.org/@ai-sdk/provider/-/provider-3.0.10.tgz",
			"integrity": "sha512-Q3BZ27qfpYqnCYGvE3vt+Qi6LGOF9R5Nmzn+9JoM1lCRsD9mYaIhfJLkSunN48nfGXJ6n+XNV0J/XVpqGQl7Dw==",
			"dev": true,
			"license": "Apache-2.0",
			"dependencies": {
				"json-schema": "^0.4.0"
			},
			"engines": {
				"node": ">=18"
			}
		},
		"node_modules/@ai-sdk/provider-utils": {
			"version": "4.0.30",
			"resolved": "https://registry.npmjs.org/@ai-sdk/provider-utils/-/provider-utils-4.0.30.tgz",
			"integrity": "sha512-VO7I+vPffqI5sMnPoUq5DCSqKIgQIk/naJWRdQVpz2ma2zoprC/lqiJiUEl2s6DfvTD76TbhD3q39ROjlA6rGw==",
			"dev": true,
			"license": "Apache-2.0",
			"dependencies": {
				"@ai-sdk/provider": "3.0.10",
				"@standard-schema/spec": "^1.1.0",
				"eventsource-parser": "^3.0.8"
			},
			"engines": {
				"node": ">=18"
			},
			"peerDependencies": {
				"zod": "^3.25.76 || ^4.1.8"
			}
		},
		"node_modules/@cleverjs/cli": {
			"version": "2.4.0",
			"dev": true,
			"license": "AGPL-3.0-only",
			"dependencies": {
				"@cleverjs/utils": "^1.1.9"
			}
		},
		"node_modules/@cleverjs/utils": {
			"version": "1.1.9",
			"dev": true,
			"license": "AGPL-3.0-only",
			"dependencies": {
				"low-level": "^1.2.5",
				"ptr.js": "^1.3.0"
			}
		},
		"node_modules/@copilotkit/aimock": {
			"version": "1.34.0",
			"dev": true,
			"license": "MIT",
			"bin": {
				"aimock": "dist/aimock-cli.js",
				"llmock": "dist/cli.js"
			},
			"engines": {
				"node": ">=20.15.0"
			},
			"peerDependencies": {
				"jest": ">=29",
				"vitest": ">=3"
			},
			"peerDependenciesMeta": {
				"jest": {
					"optional": true
				},
				"vitest": {
					"optional": true
				}
			}
		},
		"node_modules/@standard-schema/spec": {
			"version": "1.1.0",
			"resolved": "https://registry.npmjs.org/@standard-schema/spec/-/spec-1.1.0.tgz",
			"integrity": "sha512-l2aFy5jALhniG5HgqrD6jXLi/rUWrKvqN/qJx6yoJsgKhblVd+iqqU4RCXavm/jPityDo5TCvKMnpjKnOriy0w==",
			"dev": true,
			"license": "MIT"
		},
		"node_modules/@types/bun": {
			"version": "1.3.14",
			"resolved": "https://registry.npmjs.org/@types/bun/-/bun-1.3.14.tgz",
			"integrity": "sha512-h1hFqFVcvAvD9j9K7ZW7vd82aSA+rTdznZa+5bwvCwqSB1jmmfLcbIWhOLx1/+boy/xmjgCs/OMUL8hRJSmnPw==",
			"dev": true,
			"license": "MIT",
			"dependencies": {
				"bun-types": "1.3.14"
			}
		},
		"node_modules/@types/node": {
			"version": "25.9.2",
			"dev": true,
			"license": "MIT",
			"dependencies": {
				"undici-types": ">=7.24.0 <7.24.7"
			}
		},
		"node_modules/bun-types": {
			"version": "1.3.14",
			"resolved": "https://registry.npmjs.org/bun-types/-/bun-types-1.3.14.tgz",
			"integrity": "sha512-4N0ig0fEomHt5R0KCFWjovxow98rIoRwKolrYdCcknNwMekCXRnWEUvgu5soYV8QXtVsrUD8B95MBOZGPvr6KQ==",
			"dev": true,
			"license": "MIT",
			"dependencies": {
				"@types/node": "*"
			}
		},
		"node_modules/eventsource-parser": {
			"version": "3.1.0",
			"resolved": "https://registry.npmjs.org/eventsource-parser/-/eventsource-parser-3.1.0.tgz",
			"integrity": "sha512-kJezFj9YFAMLeORyi7aCLxLbD5/qWMQnoMVlVPyHIll7lgRJCc3JVln9Vgl9nwQi0YkMnhdGTMNn7CkRRAptMg==",
			"dev": true,
			"license": "MIT",
			"engines": {
				"node": ">=18.0.0"
			}
		},
		"node_modules/ip-address": {
			"version": "10.2.0",
			"license": "MIT",
			"engines": {
				"node": ">= 12"
			}
		},
		"node_modules/json-schema": {
			"version": "0.4.0",
			"resolved": "https://registry.npmjs.org/json-schema/-/json-schema-0.4.0.tgz",
			"integrity": "sha512-es94M3nTIfsEPisRafak+HDLfHXnKBhV3vU5eqPcS3flIWqcxJWgXHXiey3YrpaNsanY5ei1VoYEbOzijuq9BA==",
			"dev": true,
			"license": "(AFL-2.1 OR BSD-3-Clause)"
		},
		"node_modules/low-level": {
			"version": "1.2.5",
			"dev": true,
			"license": "AGPL-3.0-only"
		},
		"node_modules/ptr.js": {
			"version": "1.3.0",
			"dev": true,
			"license": "AGPL-3.0-only"
		},
		"node_modules/smart-buffer": {
			"version": "4.2.0",
			"license": "MIT",
			"engines": {
				"node": ">= 6.0.0",
				"npm": ">= 3.0.0"
			}
		},
		"node_modules/socks": {
			"version": "2.8.9",
			"license": "MIT",
			"dependencies": {
				"ip-address": "^10.1.1",
				"smart-buffer": "^4.2.0"
			},
			"engines": {
				"node": ">= 10.0.0",
				"npm": ">= 3.0.0"
			}
		},
		"node_modules/typescript": {
			"version": "5.9.3",
			"license": "Apache-2.0",
			"peer": true,
			"bin": {
				"tsc": "bin/tsc",
				"tsserver": "bin/tsserver"
			},
			"engines": {
				"node": ">=14.17"
			}
		},
		"node_modules/undici-types": {
			"version": "7.24.6",
			"dev": true,
			"license": "MIT"
		},
		"node_modules/zod": {
			"version": "4.4.3",
			"license": "MIT",
			"funding": {
				"url": "https://github.com/sponsors/colinhacks"
			}
		}
	}
}
